
Microsoft Visual Studio Solution File, Format Version 12.00
# Visual Studio Version 16
VisualStudioVersion = 16.0.31829.152
MinimumVisualStudioVersion = 10.0.40219.1
Project("{FAE04EC0-301F-11D3-BF4B-00C04F79EFBC}") = "BaiTap4_61133539", "BaiTap4_61133539\BaiTap4_61133539.csproj", "{EE14ADD0-4209-4911-85DE-7011253F5BE8}"
EndProject
Global
	GlobalSection(SolutionConfigurationPlatforms) = preSolution
		Debug|Any CPU = Debug|Any CPU
		Release|Any CPU = Release|Any CPU
	EndGlobalSection
	GlobalSection(ProjectConfigurationPlatforms) = postSolution
		{EE14ADD0-4209-4911-85DE-7011253F5BE8}.Debug|Any CPU.ActiveCfg = Debug|Any CPU
		{EE14ADD0-4209-4911-85DE-7011253F5BE8}.Debug|Any CPU.Build.0 = Debug|Any CPU
		{EE14ADD0-4209-4911-85DE-7011253F5BE8}.Release|Any CPU.ActiveCfg = Release|Any CPU
		{EE14ADD0-4209-4911-85DE-7011253F5BE8}.Release|Any CPU.Build.0 = Release|Any CPU
	EndGlobalSection
	GlobalSection(SolutionProperties) = preSolution
		HideSolutionNode = FALSE
	EndGlobalSection
	GlobalSection(ExtensibilityGlobals) = postSolution
		SolutionGuid = {14961FA0-0D9D-454D-82EB-1BCF8AFB8822}
	EndGlobalSection
EndGlobal
