
Microsoft Visual Studio Solution File, Format Version 12.00
# Visual Studio Version 16
VisualStudioVersion = 16.0.31829.152
MinimumVisualStudioVersion = 10.0.40219.1
Project("{FAE04EC0-301F-11D3-BF4B-00C04F79EFBC}") = "BaiTap3_61133539", "BaiTap3_61133539\BaiTap3_61133539.csproj", "{A2F3D7B4-8BBE-43FF-A4E1-2A0865A564E6}"
EndProject
Global
	GlobalSection(SolutionConfigurationPlatforms) = preSolution
		Debug|Any CPU = Debug|Any CPU
		Release|Any CPU = Release|Any CPU
	EndGlobalSection
	GlobalSection(ProjectConfigurationPlatforms) = postSolution
		{A2F3D7B4-8BBE-43FF-A4E1-2A0865A564E6}.Debug|Any CPU.ActiveCfg = Debug|Any CPU
		{A2F3D7B4-8BBE-43FF-A4E1-2A0865A564E6}.Debug|Any CPU.Build.0 = Debug|Any CPU
		{A2F3D7B4-8BBE-43FF-A4E1-2A0865A564E6}.Release|Any CPU.ActiveCfg = Release|Any CPU
		{A2F3D7B4-8BBE-43FF-A4E1-2A0865A564E6}.Release|Any CPU.Build.0 = Release|Any CPU
	EndGlobalSection
	GlobalSection(SolutionProperties) = preSolution
		HideSolutionNode = FALSE
	EndGlobalSection
	GlobalSection(ExtensibilityGlobals) = postSolution
		SolutionGuid = {E83EC10D-B8DE-4598-8FF9-2B21D03C6C77}
	EndGlobalSection
EndGlobal
